
Microsoft Visual Studio Solution File, Format Version 12.00
# Visual Studio Version 16
VisualStudioVersion = 16.0.31605.320
MinimumVisualStudioVersion = 10.0.40219.1
Project("{FAE04EC0-301F-11D3-BF4B-00C04F79EFBC}") = "CarTestApp", "CarTestApp\CarTestApp.csproj", "{8E4DF8CD-D5A6-47C3-9A96-FF929F043930}"
EndProject
Global
	GlobalSection(SolutionConfigurationPlatforms) = preSolution
		Debug|Any CPU = Debug|Any CPU
		Release|Any CPU = Release|Any CPU
	EndGlobalSection
	GlobalSection(ProjectConfigurationPlatforms) = postSolution
		{8E4DF8CD-D5A6-47C3-9A96-FF929F043930}.Debug|Any CPU.ActiveCfg = Debug|Any CPU
		{8E4DF8CD-D5A6-47C3-9A96-FF929F043930}.Debug|Any CPU.Build.0 = Debug|Any CPU
		{8E4DF8CD-D5A6-47C3-9A96-FF929F043930}.Release|Any CPU.ActiveCfg = Release|Any CPU
		{8E4DF8CD-D5A6-47C3-9A96-FF929F043930}.Release|Any CPU.Build.0 = Release|Any CPU
	EndGlobalSection
	GlobalSection(SolutionProperties) = preSolution
		HideSolutionNode = FALSE
	EndGlobalSection
	GlobalSection(ExtensibilityGlobals) = postSolution
		SolutionGuid = {A2A0307D-67F4-486E-820D-68E4144EA59F}
	EndGlobalSection
EndGlobal
